
Microsoft Visual Studio Solution File, Format Version 12.00
# Visual Studio 14
VisualStudioVersion = 14.0.25420.1
MinimumVisualStudioVersion = 10.0.40219.1
Project("{8BC9CEB8-8B4A-11D0-8D11-00A0C91BC942}") = "ThreadPool", "ThreadPool\ThreadPool.vcxproj", "{1076812B-CCE1-40E4-952D-192EBC589AF5}"
EndProject
Project("{8BC9CEB8-8B4A-11D0-8D11-00A0C91BC942}") = "ChiCodeConvertor", "ChiCodeConvertor\ChiCodeConvertor.vcxproj", "{B6B44CB2-C37A-4C9A-B085-F552D7A81DC8}"
EndProject
Project("{8BC9CEB8-8B4A-11D0-8D11-00A0C91BC942}") = "UniEnDecrypt", "UniEnDecrypt\UniEnDecrypt.vcxproj", "{4E4937B9-6C57-4C3A-B6A5-8CDDC56B4282}"
EndProject
Global
	GlobalSection(SolutionConfigurationPlatforms) = preSolution
		Debug|x64 = Debug|x64
		Debug|x86 = Debug|x86
		Release|x64 = Release|x64
		Release|x86 = Release|x86
	EndGlobalSection
	GlobalSection(ProjectConfigurationPlatforms) = postSolution
		{1076812B-CCE1-40E4-952D-192EBC589AF5}.Debug|x64.ActiveCfg = Debug|x64
		{1076812B-CCE1-40E4-952D-192EBC589AF5}.Debug|x64.Build.0 = Debug|x64
		{1076812B-CCE1-40E4-952D-192EBC589AF5}.Debug|x86.ActiveCfg = Debug|Win32
		{1076812B-CCE1-40E4-952D-192EBC589AF5}.Debug|x86.Build.0 = Debug|Win32
		{1076812B-CCE1-40E4-952D-192EBC589AF5}.Release|x64.ActiveCfg = Release|x64
		{1076812B-CCE1-40E4-952D-192EBC589AF5}.Release|x64.Build.0 = Release|x64
		{1076812B-CCE1-40E4-952D-192EBC589AF5}.Release|x86.ActiveCfg = Release|Win32
		{1076812B-CCE1-40E4-952D-192EBC589AF5}.Release|x86.Build.0 = Release|Win32
		{B6B44CB2-C37A-4C9A-B085-F552D7A81DC8}.Debug|x64.ActiveCfg = Debug|x64
		{B6B44CB2-C37A-4C9A-B085-F552D7A81DC8}.Debug|x64.Build.0 = Debug|x64
		{B6B44CB2-C37A-4C9A-B085-F552D7A81DC8}.Debug|x86.ActiveCfg = Debug|Win32
		{B6B44CB2-C37A-4C9A-B085-F552D7A81DC8}.Debug|x86.Build.0 = Debug|Win32
		{B6B44CB2-C37A-4C9A-B085-F552D7A81DC8}.Release|x64.ActiveCfg = Release|x64
		{B6B44CB2-C37A-4C9A-B085-F552D7A81DC8}.Release|x64.Build.0 = Release|x64
		{B6B44CB2-C37A-4C9A-B085-F552D7A81DC8}.Release|x86.ActiveCfg = Release|Win32
		{B6B44CB2-C37A-4C9A-B085-F552D7A81DC8}.Release|x86.Build.0 = Release|Win32
		{4E4937B9-6C57-4C3A-B6A5-8CDDC56B4282}.Debug|x64.ActiveCfg = Debug|x64
		{4E4937B9-6C57-4C3A-B6A5-8CDDC56B4282}.Debug|x64.Build.0 = Debug|x64
		{4E4937B9-6C57-4C3A-B6A5-8CDDC56B4282}.Debug|x86.ActiveCfg = Debug|Win32
		{4E4937B9-6C57-4C3A-B6A5-8CDDC56B4282}.Debug|x86.Build.0 = Debug|Win32
		{4E4937B9-6C57-4C3A-B6A5-8CDDC56B4282}.Release|x64.ActiveCfg = Release|x64
		{4E4937B9-6C57-4C3A-B6A5-8CDDC56B4282}.Release|x64.Build.0 = Release|x64
		{4E4937B9-6C57-4C3A-B6A5-8CDDC56B4282}.Release|x86.ActiveCfg = Release|Win32
		{4E4937B9-6C57-4C3A-B6A5-8CDDC56B4282}.Release|x86.Build.0 = Release|Win32
	EndGlobalSection
	GlobalSection(SolutionProperties) = preSolution
		HideSolutionNode = FALSE
	EndGlobalSection
EndGlobal
